{
  "requires": true,
  "lockfileVersion": 1,
  "dependencies": {
    "@angular/http": {
      "version": "7.2.16",
      "resolved": "https://registry.npmjs.org/@angular/http/-/http-7.2.16.tgz",
      "integrity": "sha512-yvjbNyzFSmmz4UTjCdy5M8mk0cZqf9TvSf8yN5UVIwtw4joyuUdlgJCuin0qSbQOKIf/JjHoofpO2JkPCGSNww==",
      "requires": {
        "tslib": "^1.9.0"
      },
      "dependencies": {
        "tslib": {
          "version": "1.13.0",
          "resolved": "https://registry.npmjs.org/tslib/-/tslib-1.13.0.tgz",
          "integrity": "sha512-i/6DQjL8Xf3be4K/E6Wgpekn5Qasl1usyw++dAA35Ue5orEn65VIxOA+YvNNl9HV3qv70T7CNwjODHZrLwvd1Q=="
        }
      }
    },
    "@auth0/angular-jwt": {
      "version": "5.0.1",
      "resolved": "https://registry.npmjs.org/@auth0/angular-jwt/-/angular-jwt-5.0.1.tgz",
      "integrity": "sha512-djllMh6rthPscEj5n5T9zF223q8t+sDqnUuAYTJjdKoHvMAzYwwi2yP67HbojqjODG4ZLFAcPtRuzGgp+r7nDQ==",
      "requires": {
        "tslib": "^2.0.0"
      }
    },
    "alertifyjs": {
      "version": "1.13.1",
      "resolved": "https://registry.npmjs.org/alertifyjs/-/alertifyjs-1.13.1.tgz",
      "integrity": "sha512-CckZE2dZDsEEXglOXKxT00vUDV5A6udZom+bn1XHdIWlbSFZgYq7UXCBlwkShhIH3Li/1VxLmr55GOQFQ12WSg=="
    },
    "ngx-bootstrap": {
      "version": "5.6.1",
      "resolved": "https://registry.npmjs.org/ngx-bootstrap/-/ngx-bootstrap-5.6.1.tgz",
      "integrity": "sha512-8fDs3VaaWgKpupakPKS0QaUc+1E/JMBGJDxUUODjyIkLtFr1A8vH4cjXiV3AfrPvhK27GH0oyTPyKWKcCjEtVg=="
    },
    "tslib": {
      "version": "2.0.0",
      "resolved": "https://registry.npmjs.org/tslib/-/tslib-2.0.0.tgz",
      "integrity": "sha512-lTqkx847PI7xEDYJntxZH89L2/aXInsyF2luSafe/+0fHOMjlBNXdH6th7f70qxLDhul7KZK0zC8V5ZIyHl0/g=="
    }
  }
}
